// !$*UTF8*$!
{
	archiveVersion = 1;
	classes = {
	};
	objectVersion = 46;
	objects = {

/* Begin PBXBuildFile section */
		3082DA06214126610070DAA7 /* EncodeAudioViewController.m in Sources */ = {isa = PBXBuildFile; fileRef = 3082DA05214126610070DAA7 /* EncodeAudioViewController.m */; };
		B901AD401E9F6EEA00CF0110 /* VideoTable.m in Sources */ = {isa = PBXBuildFile; fileRef = B901AD3F1E9F6EEA00CF0110 /* VideoTable.m */; };
		B901AD431E9F6F0800CF0110 /* VedioCaptViewCtr.m in Sources */ = {isa = PBXBuildFile; fileRef = B901AD421E9F6F0800CF0110 /* VedioCaptViewCtr.m */; };
		B9561D511EF75DB00088A783 /* VedioView.m in Sources */ = {isa = PBXBuildFile; fileRef = B9561D501EF75DB00088A783 /* VedioView.m */; };
		B95D66381F02626400DCDE1F /* AAPLEAGLLayer.m in Sources */ = {isa = PBXBuildFile; fileRef = B95D66371F02626400DCDE1F /* AAPLEAGLLayer.m */; };
		B9EFBB551E9DC9370052F976 /* main.m in Sources */ = {isa = PBXBuildFile; fileRef = B9EFBB541E9DC9370052F976 /* main.m */; };
		B9EFBB581E9DC9370052F976 /* AppDelegate.m in Sources */ = {isa = PBXBuildFile; fileRef = B9EFBB571E9DC9370052F976 /* AppDelegate.m */; };
		B9EFBB5B1E9DC9370052F976 /* ViewController.m in Sources */ = {isa = PBXBuildFile; fileRef = B9EFBB5A1E9DC9370052F976 /* ViewController.m */; };
		B9EFBB5E1E9DC9370052F976 /* Main.storyboard in Resources */ = {isa = PBXBuildFile; fileRef = B9EFBB5C1E9DC9370052F976 /* Main.storyboard */; };
		B9EFBB601E9DC9370052F976 /* Assets.xcassets in Resources */ = {isa = PBXBuildFile; fileRef = B9EFBB5F1E9DC9370052F976 /* Assets.xcassets */; };
		B9EFBB631E9DC9370052F976 /* LaunchScreen.storyboard in Resources */ = {isa = PBXBuildFile; fileRef = B9EFBB611E9DC9370052F976 /* LaunchScreen.storyboard */; };
		B9EFBB8A1E9DFA080052F976 /* VideoToolbox.framework in Frameworks */ = {isa = PBXBuildFile; fileRef = B9EFBB891E9DFA080052F976 /* VideoToolbox.framework */; };
		B9EFBB8D1E9E24170052F976 /* VTCEcd.m in Sources */ = {isa = PBXBuildFile; fileRef = B9EFBB8C1E9E24170052F976 /* VTCEcd.m */; };
/* End PBXBuildFile section */

/* Begin PBXFileReference section */
		3082DA04214126610070DAA7 /* EncodeAudioViewController.h */ = {isa = PBXFileReference; lastKnownFileType = sourcecode.c.h; path = EncodeAudioViewController.h; sourceTree = "<group>"; };
		3082DA05214126610070DAA7 /* EncodeAudioViewController.m */ = {isa = PBXFileReference; lastKnownFileType = sourcecode.c.objc; path = EncodeAudioViewController.m; sourceTree = "<group>"; };
		B901AD3E1E9F6EEA00CF0110 /* VideoTable.h */ = {isa = PBXFileReference; fileEncoding = 4; lastKnownFileType = sourcecode.c.h; path = VideoTable.h; sourceTree = "<group>"; };
		B901AD3F1E9F6EEA00CF0110 /* VideoTable.m */ = {isa = PBXFileReference; fileEncoding = 4; lastKnownFileType = sourcecode.c.objc; path = VideoTable.m; sourceTree = "<group>"; };
		B901AD411E9F6F0800CF0110 /* VedioCaptViewCtr.h */ = {isa = PBXFileReference; fileEncoding = 4; lastKnownFileType = sourcecode.c.h; path = VedioCaptViewCtr.h; sourceTree = "<group>"; };
		B901AD421E9F6F0800CF0110 /* VedioCaptViewCtr.m */ = {isa = PBXFileReference; fileEncoding = 4; lastKnownFileType = sourcecode.c.objc; path = VedioCaptViewCtr.m; sourceTree = "<group>"; };
		B9561D4F1EF75DB00088A783 /* VedioView.h */ = {isa = PBXFileReference; fileEncoding = 4; lastKnownFileType = sourcecode.c.h; path = VedioView.h; sourceTree = "<group>"; };
		B9561D501EF75DB00088A783 /* VedioView.m */ = {isa = PBXFileReference; fileEncoding = 4; lastKnownFileType = sourcecode.c.objc; path = VedioView.m; sourceTree = "<group>"; };
		B95D66361F02626400DCDE1F /* AAPLEAGLLayer.h */ = {isa = PBXFileReference; fileEncoding = 4; lastKnownFileType = sourcecode.c.h; path = AAPLEAGLLayer.h; sourceTree = "<group>"; };
		B95D66371F02626400DCDE1F /* AAPLEAGLLayer.m */ = {isa = PBXFileReference; fileEncoding = 4; lastKnownFileType = sourcecode.c.objc; path = AAPLEAGLLayer.m; sourceTree = "<group>"; };
		B9EFBB501E9DC9370052F976 /* VideoCapt.app */ = {isa = PBXFileReference; explicitFileType = wrapper.application; includeInIndex = 0; path = VideoCapt.app; sourceTree = BUILT_PRODUCTS_DIR; };
		B9EFBB541E9DC9370052F976 /* main.m */ = {isa = PBXFileReference; lastKnownFileType = sourcecode.c.objc; path = main.m; sourceTree = "<group>"; };
		B9EFBB561E9DC9370052F976 /* AppDelegate.h */ = {isa = PBXFileReference; lastKnownFileType = sourcecode.c.h; path = AppDelegate.h; sourceTree = "<group>"; };
		B9EFBB571E9DC9370052F976 /* AppDelegate.m */ = {isa = PBXFileReference; lastKnownFileType = sourcecode.c.objc; path = AppDelegate.m; sourceTree = "<group>"; };
		B9EFBB591E9DC9370052F976 /* ViewController.h */ = {isa = PBXFileReference; lastKnownFileType = sourcecode.c.h; path = ViewController.h; sourceTree = "<group>"; };
		B9EFBB5A1E9DC9370052F976 /* ViewController.m */ = {isa = PBXFileReference; lastKnownFileType = sourcecode.c.objc; path = ViewController.m; sourceTree = "<group>"; };
		B9EFBB5D1E9DC9370052F976 /* Base */ = {isa = PBXFileReference; lastKnownFileType = file.storyboard; name = Base; path = Base.lproj/Main.storyboard; sourceTree = "<group>"; };
		B9EFBB5F1E9DC9370052F976 /* Assets.xcassets */ = {isa = PBXFileReference; lastKnownFileType = folder.assetcatalog; path = Assets.xcassets; sourceTree = "<group>"; };
		B9EFBB621E9DC9370052F976 /* Base */ = {isa = PBXFileReference; lastKnownFileType = file.storyboard; name = Base; path = Base.lproj/LaunchScreen.storyboard; sourceTree = "<group>"; };
		B9EFBB641E9DC9370052F976 /* Info.plist */ = {isa = PBXFileReference; lastKnownFileType = text.plist.xml; path = Info.plist; sourceTree = "<group>"; };
		B9EFBB871E9DC9590052F976 /* AVFoundation.framework */ = {isa = PBXFileReference; lastKnownFileType = wrapper.framework; name = AVFoundation.framework; path = System/Library/Frameworks/AVFoundation.framework; sourceTree = SDKROOT; };
		B9EFBB891E9DFA080052F976 /* VideoToolbox.framework */ = {isa = PBXFileReference; lastKnownFileType = wrapper.framework; name = VideoToolbox.framework; path = System/Library/Frameworks/VideoToolbox.framework; sourceTree = SDKROOT; };
		B9EFBB8B1E9E24170052F976 /* VTCEcd.h */ = {isa = PBXFileReference; fileEncoding = 4; lastKnownFileType = sourcecode.c.h; path = VTCEcd.h; sourceTree = "<group>"; };
		B9EFBB8C1E9E24170052F976 /* VTCEcd.m */ = {isa = PBXFileReference; fileEncoding = 4; lastKnownFileType = sourcecode.c.objc; path = VTCEcd.m; sourceTree = "<group>"; };
/* End PBXFileReference section */

/* Begin PBXFrameworksBuildPhase section */
		B9EFBB4D1E9DC9370052F976 /* Frameworks */ = {
			isa = PBXFrameworksBuildPhase;
			buildActionMask = 2147483647;
			files = (
				B9EFBB8A1E9DFA080052F976 /* VideoToolbox.framework in Frameworks */,
			);
			runOnlyForDeploymentPostprocessing = 0;
		};
/* End PBXFrameworksBuildPhase section */

/* Begin PBXGroup section */
		B9EFBB471E9DC9370052F976 = {
			isa = PBXGroup;
			children = (
				B9EFBB521E9DC9370052F976 /* VideoCapt */,
				B9EFBB511E9DC9370052F976 /* Products */,
				B9EFBB861E9DC9590052F976 /* Frameworks */,
			);
			sourceTree = "<group>";
		};
		B9EFBB511E9DC9370052F976 /* Products */ = {
			isa = PBXGroup;
			children = (
				B9EFBB501E9DC9370052F976 /* VideoCapt.app */,
			);
			name = Products;
			sourceTree = "<group>";
		};
		B9EFBB521E9DC9370052F976 /* VideoCapt */ = {
			isa = PBXGroup;
			children = (
				B9EFBB561E9DC9370052F976 /* AppDelegate.h */,
				B9EFBB571E9DC9370052F976 /* AppDelegate.m */,
				B9EFBB591E9DC9370052F976 /* ViewController.h */,
				B9EFBB5A1E9DC9370052F976 /* ViewController.m */,
				B901AD3E1E9F6EEA00CF0110 /* VideoTable.h */,
				B901AD3F1E9F6EEA00CF0110 /* VideoTable.m */,
				B9561D4F1EF75DB00088A783 /* VedioView.h */,
				B9561D501EF75DB00088A783 /* VedioView.m */,
				B901AD411E9F6F0800CF0110 /* VedioCaptViewCtr.h */,
				B901AD421E9F6F0800CF0110 /* VedioCaptViewCtr.m */,
				B9EFBB8B1E9E24170052F976 /* VTCEcd.h */,
				B9EFBB8C1E9E24170052F976 /* VTCEcd.m */,
				B95D66361F02626400DCDE1F /* AAPLEAGLLayer.h */,
				B95D66371F02626400DCDE1F /* AAPLEAGLLayer.m */,
				B9EFBB5C1E9DC9370052F976 /* Main.storyboard */,
				B9EFBB5F1E9DC9370052F976 /* Assets.xcassets */,
				B9EFBB611E9DC9370052F976 /* LaunchScreen.storyboard */,
				B9EFBB641E9DC9370052F976 /* Info.plist */,
				3082DA04214126610070DAA7 /* EncodeAudioViewController.h */,
				3082DA05214126610070DAA7 /* EncodeAudioViewController.m */,
				B9EFBB531E9DC9370052F976 /* Supporting Files */,
			);
			path = VideoCapt;
			sourceTree = "<group>";
		};
		B9EFBB531E9DC9370052F976 /* Supporting Files */ = {
			isa = PBXGroup;
			children = (
				B9EFBB541E9DC9370052F976 /* main.m */,
			);
			name = "Supporting Files";
			sourceTree = "<group>";
		};
		B9EFBB861E9DC9590052F976 /* Frameworks */ = {
			isa = PBXGroup;
			children = (
				B9EFBB891E9DFA080052F976 /* VideoToolbox.framework */,
				B9EFBB871E9DC9590052F976 /* AVFoundation.framework */,
			);
			name = Frameworks;
			sourceTree = "<group>";
		};
/* End PBXGroup section */

/* Begin PBXNativeTarget section */
		B9EFBB4F1E9DC9370052F976 /* VideoCapt */ = {
			isa = PBXNativeTarget;
			buildConfigurationList = B9EFBB7D1E9DC9370052F976 /* Build configuration list for PBXNativeTarget "VideoCapt" */;
			buildPhases = (
				B9EFBB4C1E9DC9370052F976 /* Sources */,
				B9EFBB4D1E9DC9370052F976 /* Frameworks */,
				B9EFBB4E1E9DC9370052F976 /* Resources */,
			);
			buildRules = (
			);
			dependencies = (
			);
			name = VideoCapt;
			productName = VideoCapt;
			productReference = B9EFBB501E9DC9370052F976 /* VideoCapt.app */;
			productType = "com.apple.product-type.application";
		};
/* End PBXNativeTarget section */

/* Begin PBXProject section */
		B9EFBB481E9DC9370052F976 /* Project object */ = {
			isa = PBXProject;
			attributes = {
				LastUpgradeCheck = 0820;
				ORGANIZATIONNAME = tangzhi;
				TargetAttributes = {
					B9EFBB4F1E9DC9370052F976 = {
						CreatedOnToolsVersion = 8.2.1;
						DevelopmentTeam = 5GK3VWM7ZP;
						ProvisioningStyle = Automatic;
					};
				};
			};
			buildConfigurationList = B9EFBB4B1E9DC9370052F976 /* Build configuration list for PBXProject "VideoCapt" */;
			compatibilityVersion = "Xcode 3.2";
			developmentRegion = English;
			hasScannedForEncodings = 0;
			knownRegions = (
				en,
				Base,
			);
			mainGroup = B9EFBB471E9DC9370052F976;
			productRefGroup = B9EFBB511E9DC9370052F976 /* Products */;
			projectDirPath = "";
			projectRoot = "";
			targets = (
				B9EFBB4F1E9DC9370052F976 /* VideoCapt */,
			);
		};
/* End PBXProject section */

/* Begin PBXResourcesBuildPhase section */
		B9EFBB4E1E9DC9370052F976 /* Resources */ = {
			isa = PBXResourcesBuildPhase;
			buildActionMask = 2147483647;
			files = (
				B9EFBB631E9DC9370052F976 /* LaunchScreen.storyboard in Resources */,
				B9EFBB601E9DC9370052F976 /* Assets.xcassets in Resources */,
				B9EFBB5E1E9DC9370052F976 /* Main.storyboard in Resources */,
			);
			runOnlyForDeploymentPostprocessing = 0;
		};
/* End PBXResourcesBuildPhase section */

/* Begin PBXSourcesBuildPhase section */
		B9EFBB4C1E9DC9370052F976 /* Sources */ = {
			isa = PBXSourcesBuildPhase;
			buildActionMask = 2147483647;
			files = (
				B9561D511EF75DB00088A783 /* VedioView.m in Sources */,
				B901AD431E9F6F0800CF0110 /* VedioCaptViewCtr.m in Sources */,
				B9EFBB8D1E9E24170052F976 /* VTCEcd.m in Sources */,
				B9EFBB5B1E9DC9370052F976 /* ViewController.m in Sources */,
				B901AD401E9F6EEA00CF0110 /* VideoTable.m in Sources */,
				3082DA06214126610070DAA7 /* EncodeAudioViewController.m in Sources */,
				B9EFBB581E9DC9370052F976 /* AppDelegate.m in Sources */,
				B95D66381F02626400DCDE1F /* AAPLEAGLLayer.m in Sources */,
				B9EFBB551E9DC9370052F976 /* main.m in Sources */,
			);
			runOnlyForDeploymentPostprocessing = 0;
		};
/* End PBXSourcesBuildPhase section */

/* Begin PBXVariantGroup section */
		B9EFBB5C1E9DC9370052F976 /* Main.storyboard */ = {
			isa = PBXVariantGroup;
			children = (
				B9EFBB5D1E9DC9370052F976 /* Base */,
			);
			name = Main.storyboard;
			sourceTree = "<group>";
		};
		B9EFBB611E9DC9370052F976 /* LaunchScreen.storyboard */ = {
			isa = PBXVariantGroup;
			children = (
				B9EFBB621E9DC9370052F976 /* Base */,
			);
			name = LaunchScreen.storyboard;
			sourceTree = "<group>";
		};
/* End PBXVariantGroup section */

/* Begin XCBuildConfiguration section */
		B9EFBB7B1E9DC9370052F976 /* Debug */ = {
			isa = XCBuildConfiguration;
			buildSettings = {
				ALWAYS_SEARCH_USER_PATHS = NO;
				CLANG_ANALYZER_NONNULL = YES;
				CLANG_CXX_LANGUAGE_STANDARD = "gnu++0x";
				CLANG_CXX_LIBRARY = "libc++";
				CLANG_ENABLE_MODULES = YES;
				CLANG_ENABLE_OBJC_ARC = YES;
				CLANG_WARN_BOOL_CONVERSION = YES;
				CLANG_WARN_CONSTANT_CONVERSION = YES;
				CLANG_WARN_DIRECT_OBJC_ISA_USAGE = YES_ERROR;
				CLANG_WARN_DOCUMENTATION_COMMENTS = YES;
				CLANG_WARN_EMPTY_BODY = YES;
				CLANG_WARN_ENUM_CONVERSION = YES;
				CLANG_WARN_INFINITE_RECURSION = YES;
				CLANG_WARN_INT_CONVERSION = YES;
				CLANG_WARN_OBJC_ROOT_CLASS = YES_ERROR;
				CLANG_WARN_SUSPICIOUS_MOVE = YES;
				CLANG_WARN_UNREACHABLE_CODE = YES;
				CLANG_WARN__DUPLICATE_METHOD_MATCH = YES;
				"CODE_SIGN_IDENTITY[sdk=iphoneos*]" = "iPhone Developer";
				COPY_PHASE_STRIP = NO;
				DEBUG_INFORMATION_FORMAT = dwarf;
				ENABLE_STRICT_OBJC_MSGSEND = YES;
				ENABLE_TESTABILITY = YES;
				GCC_C_LANGUAGE_STANDARD = gnu99;
				GCC_DYNAMIC_NO_PIC = NO;
				GCC_NO_COMMON_BLOCKS = YES;
				GCC_OPTIMIZATION_LEVEL = 0;
				GCC_PREPROCESSOR_DEFINITIONS = (
					"DEBUG=1",
					"$(inherited)",
				);
				GCC_WARN_64_TO_32_BIT_CONVERSION = YES;
				GCC_WARN_ABOUT_RETURN_TYPE = YES_ERROR;
				GCC_WARN_UNDECLARED_SELECTOR = YES;
				GCC_WARN_UNINITIALIZED_AUTOS = YES_AGGRESSIVE;
				GCC_WARN_UNUSED_FUNCTION = YES;
				GCC_WARN_UNUSED_VARIABLE = YES;
				IPHONEOS_DEPLOYMENT_TARGET = 10.2;
				MTL_ENABLE_DEBUG_INFO = YES;
				ONLY_ACTIVE_ARCH = YES;
				SDKROOT = iphoneos;
				TARGETED_DEVICE_FAMILY = "1,2";
			};
			name = Debug;
		};
		B9EFBB7C1E9DC9370052F976 /* Release */ = {
			isa = XCBuildConfiguration;
			buildSettings = {
				ALWAYS_SEARCH_USER_PATHS = NO;
				CLANG_ANALYZER_NONNULL = YES;
				CLANG_CXX_LANGUAGE_STANDARD = "gnu++0x";
				CLANG_CXX_LIBRARY = "libc++";
				CLANG_ENABLE_MODULES = YES;
				CLANG_ENABLE_OBJC_ARC = YES;
				CLANG_WARN_BOOL_CONVERSION = YES;
				CLANG_WARN_CONSTANT_CONVERSION = YES;
				CLANG_WARN_DIRECT_OBJC_ISA_USAGE = YES_ERROR;
				CLANG_WARN_DOCUMENTATION_COMMENTS = YES;
				CLANG_WARN_EMPTY_BODY = YES;
				CLANG_WARN_ENUM_CONVERSION = YES;
				CLANG_WARN_INFINITE_RECURSION = YES;
				CLANG_WARN_INT_CONVERSION = YES;
				CLANG_WARN_OBJC_ROOT_CLASS = YES_ERROR;
				CLANG_WARN_SUSPICIOUS_MOVE = YES;
				CLANG_WARN_UNREACHABLE_CODE = YES;
				CLANG_WARN__DUPLICATE_METHOD_MATCH = YES;
				"CODE_SIGN_IDENTITY[sdk=iphoneos*]" = "iPhone Developer";
				COPY_PHASE_STRIP = NO;
				DEBUG_INFORMATION_FORMAT = "dwarf-with-dsym";
				ENABLE_NS_ASSERTIONS = NO;
				ENABLE_STRICT_OBJC_MSGSEND = YES;
				GCC_C_LANGUAGE_STANDARD = gnu99;
				GCC_NO_COMMON_BLOCKS = YES;
				GCC_WARN_64_TO_32_BIT_CONVERSION = YES;
				GCC_WARN_ABOUT_RETURN_TYPE = YES_ERROR;
				GCC_WARN_UNDECLARED_SELECTOR = YES;
				GCC_WARN_UNINITIALIZED_AUTOS = YES_AGGRESSIVE;
				GCC_WARN_UNUSED_FUNCTION = YES;
				GCC_WARN_UNUSED_VARIABLE = YES;
				IPHONEOS_DEPLOYMENT_TARGET = 10.2;
				MTL_ENABLE_DEBUG_INFO = NO;
				SDKROOT = iphoneos;
				TARGETED_DEVICE_FAMILY = "1,2";
				VALIDATE_PRODUCT = YES;
			};
			name = Release;
		};
		B9EFBB7E1E9DC9370052F976 /* Debug */ = {
			isa = XCBuildConfiguration;
			buildSettings = {
				ASSETCATALOG_COMPILER_APPICON_NAME = AppIcon;
				"CODE_SIGN_IDENTITY[sdk=iphoneos*]" = "iPhone Developer";
				CODE_SIGN_STYLE = Automatic;
				DEVELOPMENT_TEAM = 5GK3VWM7ZP;
				INFOPLIST_FILE = VideoCapt/Info.plist;
				IPHONEOS_DEPLOYMENT_TARGET = 8.0;
				LD_RUNPATH_SEARCH_PATHS = "$(inherited) @executable_path/Frameworks";
				PRODUCT_BUNDLE_IDENTIFIER = "com.vnetoo.Test-ffm";
				PRODUCT_NAME = "$(TARGET_NAME)";
				PROVISIONING_PROFILE = "";
				PROVISIONING_PROFILE_SPECIFIER = "";
			};
			name = Debug;
		};
		B9EFBB7F1E9DC9370052F976 /* Release */ = {
			isa = XCBuildConfiguration;
			buildSettings = {
				ASSETCATALOG_COMPILER_APPICON_NAME = AppIcon;
				"CODE_SIGN_IDENTITY[sdk=iphoneos*]" = "iPhone Developer";
				CODE_SIGN_STYLE = Automatic;
				DEVELOPMENT_TEAM = 5GK3VWM7ZP;
				INFOPLIST_FILE = VideoCapt/Info.plist;
				IPHONEOS_DEPLOYMENT_TARGET = 8.0;
				LD_RUNPATH_SEARCH_PATHS = "$(inherited) @executable_path/Frameworks";
				PRODUCT_BUNDLE_IDENTIFIER = "com.vnetoo.Test-ffm";
				PRODUCT_NAME = "$(TARGET_NAME)";
				PROVISIONING_PROFILE = "";
				PROVISIONING_PROFILE_SPECIFIER = "";
			};
			name = Release;
		};
/* End XCBuildConfiguration section */

/* Begin XCConfigurationList section */
		B9EFBB4B1E9DC9370052F976 /* Build configuration list for PBXProject "VideoCapt" */ = {
			isa = XCConfigurationList;
			buildConfigurations = (
				B9EFBB7B1E9DC9370052F976 /* Debug */,
				B9EFBB7C1E9DC9370052F976 /* Release */,
			);
			defaultConfigurationIsVisible = 0;
			defaultConfigurationName = Release;
		};
		B9EFBB7D1E9DC9370052F976 /* Build configuration list for PBXNativeTarget "VideoCapt" */ = {
			isa = XCConfigurationList;
			buildConfigurations = (
				B9EFBB7E1E9DC9370052F976 /* Debug */,
				B9EFBB7F1E9DC9370052F976 /* Release */,
			);
			defaultConfigurationIsVisible = 0;
			defaultConfigurationName = Release;
		};
/* End XCConfigurationList section */
	};
	rootObject = B9EFBB481E9DC9370052F976 /* Project object */;
}
